{
    "name": "goat",
    "lockfileVersion": 3,
    "requires": true,
    "packages": {
        "": {
            "name": "goat",
            "dependencies": {
                "dockerfile_lint": "^0.0.9",
                "lodash": "^4.17.21"
            }
        },
        "node_modules/argparse": {
            "version": "1.0.10",
            "resolved": "https://registry.npmjs.org/argparse/-/argparse-1.0.10.tgz",
            "integrity": "sha512-o5Roy6tNG4SL/FOkCAN6RzjiakZS25RLYFrcMttJqbdd8BWrnA+fGz57iN5Pb06pvBGvl5gQ0B48dJlslXvoTg==",
            "dependencies": {
                "sprintf-js": "~1.0.2"
            }
        },
        "node_modules/commander": {
            "version": "2.5.1",
            "resolved": "https://registry.npmjs.org/commander/-/commander-2.5.1.tgz",
            "integrity": "sha512-1eyhrbxuz9laj/ZA8OlTxfmBy7Xy99Fw1aubQpL2swXikVEZIaJzjwDmbGKoVOdsU2pMg9sNmoEa93mhKsdlbw==",
            "engines": {
                "node": ">= 0.6.x"
            }
        },
        "node_modules/dockerfile_lint": {
            "version": "0.0.9",
            "resolved": "https://registry.npmjs.org/dockerfile_lint/-/dockerfile_lint-0.0.9.tgz",
            "integrity": "sha512-c9P6vUaeQvn8L0ZK4u1ZzvdaqUxFyggf5wv1I5lehT1zJQq5to9EhFy8whui/WNYERd33Ti2euWaH15/mDGJ8Q==",
            "dependencies": {
                "commander": "~2.5.0",
                "extend": "~2.0.0",
                "js-yaml": "~3.2.2"
            },
            "bin": {
                "dockerfile_lint": "bin/dockerfile_lint"
            }
        },
        "node_modules/esprima": {
            "version": "2.0.0",
            "resolved": "https://registry.npmjs.org/esprima/-/esprima-2.0.0.tgz",
            "integrity": "sha512-Nn4dBM9pwAzo5GSAbfKWiT66gqBh3elZgrC242j42cbKpkmnkgX9UINXeC++e013U0qXq5xowcB0Bgkwg09s0g==",
            "bin": {
                "esparse": "bin/esparse.js",
                "esvalidate": "bin/esvalidate.js"
            },
            "engines": {
                "node": ">=0.4.0"
            }
        },
        "node_modules/extend": {
            "version": "2.0.2",
            "resolved": "https://registry.npmjs.org/extend/-/extend-2.0.2.tgz",
            "integrity": "sha512-AgFD4VU+lVLP6vjnlNfF7OeInLTyeyckCNPEsuxz1vi786UuK/nk6ynPuhn/h+Ju9++TQyr5EpLRI14fc1QtTQ=="
        },
        "node_modules/js-yaml": {
            "version": "3.2.7",
            "resolved": "https://registry.npmjs.org/js-yaml/-/js-yaml-3.2.7.tgz",
            "integrity": "sha512-mV4Mf9iZluwNTw5dU93TJoQFTes57+KAQi+70G9XKChV7uBi3u+fd7+JSa2fQRGfii+YVSMunxgFtD29PLpj6g==",
            "dependencies": {
                "argparse": "~ 1.0.0",
                "esprima": "~ 2.0.0"
            },
            "bin": {
                "js-yaml": "bin/js-yaml.js"
            }
        },
        "node_modules/lodash": {
            "version": "4.17.21",
            "resolved": "https://registry.npmjs.org/lodash/-/lodash-4.17.21.tgz",
            "integrity": "sha512-v2kDEe57lecTulaDIuNTPy3Ry4gLGJ6Z1O3vE1krgXZNrsQ+LFTGHVxVjcXPs17LhbZVGedAJv8XZ1tvj5FvSg=="
        },
        "node_modules/sprintf-js": {
            "version": "1.0.3",
            "resolved": "https://registry.npmjs.org/sprintf-js/-/sprintf-js-1.0.3.tgz",
            "integrity": "sha512-D9cPgkvLlV3t3IzL0D0YLvGA9Ahk4PcvVwUbN0dSGr1aP0Nrt4AEnTUbuGvquEC0mA64Gqt1fzirlRs5ibXx8g=="
        }
    }
}
