{
    "_meta": {
        "hash": {
            "sha256": "cabcc8998e977a2e15672b17286c5b285ac45a443e2a929073f0049fbb545243"
        },
        "pipfile-spec": 6,
        "requires": {
            "python_version": "3.10"
        },
        "sources": [
            {
                "name": "pypi",
                "url": "https://pypi.org/simple",
                "verify_ssl": true
            }
        ]
    },
    "default": {},
    "develop": {}
}
